
Microsoft Visual Studio Solution File, Format Version 12.00
# Visual Studio 15
VisualStudioVersion = 15.0.27004.2010
MinimumVisualStudioVersion = 10.0.40219.1
Project("{FAE04EC0-301F-11D3-BF4B-00C04F79EFBC}") = "BeaconProtoType.Android", "BeaconProtoType\BeaconProtoType.Android\BeaconProtoType.Android.csproj", "{1B88E00C-6F33-42DC-B109-41810B97B6E7}"
EndProject
Project("{FAE04EC0-301F-11D3-BF4B-00C04F79EFBC}") = "BeaconProtoType", "BeaconProtoType\BeaconProtoType\BeaconProtoType.csproj", "{5DC47974-EC44-4C52-ABA7-FE306B58DA5D}"
EndProject
Project("{FAE04EC0-301F-11D3-BF4B-00C04F79EFBC}") = "BeaconProtoType.UWP", "BeaconProtoType\BeaconProtoType.UWP\BeaconProtoType.UWP.csproj", "{1849D86E-4BDF-479B-9133-E669688B2441}"
EndProject
Project("{FAE04EC0-301F-11D3-BF4B-00C04F79EFBC}") = "BeaconProtoType.iOS", "BeaconProtoType\BeaconProtoType.iOS\BeaconProtoType.iOS.csproj", "{C09065D3-944A-4F58-989B-71C784FB5F3D}"
EndProject
Global
	GlobalSection(SolutionConfigurationPlatforms) = preSolution
		Ad-Hoc|Any CPU = Ad-Hoc|Any CPU
		Ad-Hoc|ARM = Ad-Hoc|ARM
		Ad-Hoc|iPhone = Ad-Hoc|iPhone
		Ad-Hoc|iPhoneSimulator = Ad-Hoc|iPhoneSimulator
		Ad-Hoc|x64 = Ad-Hoc|x64
		Ad-Hoc|x86 = Ad-Hoc|x86
		AppStore|Any CPU = AppStore|Any CPU
		AppStore|ARM = AppStore|ARM
		AppStore|iPhone = AppStore|iPhone
		AppStore|iPhoneSimulator = AppStore|iPhoneSimulator
		AppStore|x64 = AppStore|x64
		AppStore|x86 = AppStore|x86
		Debug|Any CPU = Debug|Any CPU
		Debug|ARM = Debug|ARM
		Debug|iPhone = Debug|iPhone
		Debug|iPhoneSimulator = Debug|iPhoneSimulator
		Debug|x64 = Debug|x64
		Debug|x86 = Debug|x86
		Release|Any CPU = Release|Any CPU
		Release|ARM = Release|ARM
		Release|iPhone = Release|iPhone
		Release|iPhoneSimulator = Release|iPhoneSimulator
		Release|x64 = Release|x64
		Release|x86 = Release|x86
	EndGlobalSection
	GlobalSection(ProjectConfigurationPlatforms) = postSolution
		{1B88E00C-6F33-42DC-B109-41810B97B6E7}.Ad-Hoc|Any CPU.ActiveCfg = Release|Any CPU
		{1B88E00C-6F33-42DC-B109-41810B97B6E7}.Ad-Hoc|Any CPU.Build.0 = Release|Any CPU
		{1B88E00C-6F33-42DC-B109-41810B97B6E7}.Ad-Hoc|Any CPU.Deploy.0 = Release|Any CPU
		{1B88E00C-6F33-42DC-B109-41810B97B6E7}.Ad-Hoc|ARM.ActiveCfg = Release|Any CPU
		{1B88E00C-6F33-42DC-B109-41810B97B6E7}.Ad-Hoc|ARM.Build.0 = Release|Any CPU
		{1B88E00C-6F33-42DC-B109-41810B97B6E7}.Ad-Hoc|ARM.Deploy.0 = Release|Any CPU
		{1B88E00C-6F33-42DC-B109-41810B97B6E7}.Ad-Hoc|iPhone.ActiveCfg = Release|Any CPU
		{1B88E00C-6F33-42DC-B109-41810B97B6E7}.Ad-Hoc|iPhone.Build.0 = Release|Any CPU
		{1B88E00C-6F33-42DC-B109-41810B97B6E7}.Ad-Hoc|iPhone.Deploy.0 = Release|Any CPU
		{1B88E00C-6F33-42DC-B109-41810B97B6E7}.Ad-Hoc|iPhoneSimulator.ActiveCfg = Release|Any CPU
		{1B88E00C-6F33-42DC-B109-41810B97B6E7}.Ad-Hoc|iPhoneSimulator.Build.0 = Release|Any CPU
		{1B88E00C-6F33-42DC-B109-41810B97B6E7}.Ad-Hoc|iPhoneSimulator.Deploy.0 = Release|Any CPU
		{1B88E00C-6F33-42DC-B109-41810B97B6E7}.Ad-Hoc|x64.ActiveCfg = Release|Any CPU
		{1B88E00C-6F33-42DC-B109-41810B97B6E7}.Ad-Hoc|x64.Build.0 = Release|Any CPU
		{1B88E00C-6F33-42DC-B109-41810B97B6E7}.Ad-Hoc|x64.Deploy.0 = Release|Any CPU
		{1B88E00C-6F33-42DC-B109-41810B97B6E7}.Ad-Hoc|x86.ActiveCfg = Release|Any CPU
		{1B88E00C-6F33-42DC-B109-41810B97B6E7}.Ad-Hoc|x86.Build.0 = Release|Any CPU
		{1B88E00C-6F33-42DC-B109-41810B97B6E7}.Ad-Hoc|x86.Deploy.0 = Release|Any CPU
		{1B88E00C-6F33-42DC-B109-41810B97B6E7}.AppStore|Any CPU.ActiveCfg = Release|Any CPU
		{1B88E00C-6F33-42DC-B109-41810B97B6E7}.AppStore|Any CPU.Build.0 = Release|Any CPU
		{1B88E00C-6F33-42DC-B109-41810B97B6E7}.AppStore|Any CPU.Deploy.0 = Release|Any CPU
		{1B88E00C-6F33-42DC-B109-41810B97B6E7}.AppStore|ARM.ActiveCfg = Release|Any CPU
		{1B88E00C-6F33-42DC-B109-41810B97B6E7}.AppStore|ARM.Build.0 = Release|Any CPU
		{1B88E00C-6F33-42DC-B109-41810B97B6E7}.AppStore|ARM.Deploy.0 = Release|Any CPU
		{1B88E00C-6F33-42DC-B109-41810B97B6E7}.AppStore|iPhone.ActiveCfg = Release|Any CPU
		{1B88E00C-6F33-42DC-B109-41810B97B6E7}.AppStore|iPhone.Build.0 = Release|Any CPU
		{1B88E00C-6F33-42DC-B109-41810B97B6E7}.AppStore|iPhone.Deploy.0 = Release|Any CPU
		{1B88E00C-6F33-42DC-B109-41810B97B6E7}.AppStore|iPhoneSimulator.ActiveCfg = Release|Any CPU
		{1B88E00C-6F33-42DC-B109-41810B97B6E7}.AppStore|iPhoneSimulator.Build.0 = Release|Any CPU
		{1B88E00C-6F33-42DC-B109-41810B97B6E7}.AppStore|iPhoneSimulator.Deploy.0 = Release|Any CPU
		{1B88E00C-6F33-42DC-B109-41810B97B6E7}.AppStore|x64.ActiveCfg = Release|Any CPU
		{1B88E00C-6F33-42DC-B109-41810B97B6E7}.AppStore|x64.Build.0 = Release|Any CPU
		{1B88E00C-6F33-42DC-B109-41810B97B6E7}.AppStore|x64.Deploy.0 = Release|Any CPU
		{1B88E00C-6F33-42DC-B109-41810B97B6E7}.AppStore|x86.ActiveCfg = Release|Any CPU
		{1B88E00C-6F33-42DC-B109-41810B97B6E7}.AppStore|x86.Build.0 = Release|Any CPU
		{1B88E00C-6F33-42DC-B109-41810B97B6E7}.AppStore|x86.Deploy.0 = Release|Any CPU
		{1B88E00C-6F33-42DC-B109-41810B97B6E7}.Debug|Any CPU.ActiveCfg = Debug|Any CPU
		{1B88E00C-6F33-42DC-B109-41810B97B6E7}.Debug|Any CPU.Build.0 = Debug|Any CPU
		{1B88E00C-6F33-42DC-B109-41810B97B6E7}.Debug|Any CPU.Deploy.0 = Debug|Any CPU
		{1B88E00C-6F33-42DC-B109-41810B97B6E7}.Debug|ARM.ActiveCfg = Debug|Any CPU
		{1B88E00C-6F33-42DC-B109-41810B97B6E7}.Debug|ARM.Build.0 = Debug|Any CPU
		{1B88E00C-6F33-42DC-B109-41810B97B6E7}.Debug|ARM.Deploy.0 = Debug|Any CPU
		{1B88E00C-6F33-42DC-B109-41810B97B6E7}.Debug|iPhone.ActiveCfg = Debug|Any CPU
		{1B88E00C-6F33-42DC-B109-41810B97B6E7}.Debug|iPhone.Build.0 = Debug|Any CPU
		{1B88E00C-6F33-42DC-B109-41810B97B6E7}.Debug|iPhone.Deploy.0 = Debug|Any CPU
		{1B88E00C-6F33-42DC-B109-41810B97B6E7}.Debug|iPhoneSimulator.ActiveCfg = Debug|Any CPU
		{1B88E00C-6F33-42DC-B109-41810B97B6E7}.Debug|iPhoneSimulator.Build.0 = Debug|Any CPU
		{1B88E00C-6F33-42DC-B109-41810B97B6E7}.Debug|iPhoneSimulator.Deploy.0 = Debug|Any CPU
		{1B88E00C-6F33-42DC-B109-41810B97B6E7}.Debug|x64.ActiveCfg = Debug|Any CPU
		{1B88E00C-6F33-42DC-B109-41810B97B6E7}.Debug|x64.Build.0 = Debug|Any CPU
		{1B88E00C-6F33-42DC-B109-41810B97B6E7}.Debug|x64.Deploy.0 = Debug|Any CPU
		{1B88E00C-6F33-42DC-B109-41810B97B6E7}.Debug|x86.ActiveCfg = Debug|Any CPU
		{1B88E00C-6F33-42DC-B109-41810B97B6E7}.Debug|x86.Build.0 = Debug|Any CPU
		{1B88E00C-6F33-42DC-B109-41810B97B6E7}.Debug|x86.Deploy.0 = Debug|Any CPU
		{1B88E00C-6F33-42DC-B109-41810B97B6E7}.Release|Any CPU.ActiveCfg = Release|Any CPU
		{1B88E00C-6F33-42DC-B109-41810B97B6E7}.Release|Any CPU.Build.0 = Release|Any CPU
		{1B88E00C-6F33-42DC-B109-41810B97B6E7}.Release|Any CPU.Deploy.0 = Release|Any CPU
		{1B88E00C-6F33-42DC-B109-41810B97B6E7}.Release|ARM.ActiveCfg = Release|Any CPU
		{1B88E00C-6F33-42DC-B109-41810B97B6E7}.Release|ARM.Build.0 = Release|Any CPU
		{1B88E00C-6F33-42DC-B109-41810B97B6E7}.Release|ARM.Deploy.0 = Release|Any CPU
		{1B88E00C-6F33-42DC-B109-41810B97B6E7}.Release|iPhone.ActiveCfg = Release|Any CPU
		{1B88E00C-6F33-42DC-B109-41810B97B6E7}.Release|iPhone.Build.0 = Release|Any CPU
		{1B88E00C-6F33-42DC-B109-41810B97B6E7}.Release|iPhone.Deploy.0 = Release|Any CPU
		{1B88E00C-6F33-42DC-B109-41810B97B6E7}.Release|iPhoneSimulator.ActiveCfg = Release|Any CPU
		{1B88E00C-6F33-42DC-B109-41810B97B6E7}.Release|iPhoneSimulator.Build.0 = Release|Any CPU
		{1B88E00C-6F33-42DC-B109-41810B97B6E7}.Release|iPhoneSimulator.Deploy.0 = Release|Any CPU
		{1B88E00C-6F33-42DC-B109-41810B97B6E7}.Release|x64.ActiveCfg = Release|Any CPU
		{1B88E00C-6F33-42DC-B109-41810B97B6E7}.Release|x64.Build.0 = Release|Any CPU
		{1B88E00C-6F33-42DC-B109-41810B97B6E7}.Release|x64.Deploy.0 = Release|Any CPU
		{1B88E00C-6F33-42DC-B109-41810B97B6E7}.Release|x86.ActiveCfg = Release|Any CPU
		{1B88E00C-6F33-42DC-B109-41810B97B6E7}.Release|x86.Build.0 = Release|Any CPU
		{1B88E00C-6F33-42DC-B109-41810B97B6E7}.Release|x86.Deploy.0 = Release|Any CPU
		{5DC47974-EC44-4C52-ABA7-FE306B58DA5D}.Ad-Hoc|Any CPU.ActiveCfg = Release|Any CPU
		{5DC47974-EC44-4C52-ABA7-FE306B58DA5D}.Ad-Hoc|Any CPU.Build.0 = Release|Any CPU
		{5DC47974-EC44-4C52-ABA7-FE306B58DA5D}.Ad-Hoc|ARM.ActiveCfg = Release|Any CPU
		{5DC47974-EC44-4C52-ABA7-FE306B58DA5D}.Ad-Hoc|ARM.Build.0 = Release|Any CPU
		{5DC47974-EC44-4C52-ABA7-FE306B58DA5D}.Ad-Hoc|iPhone.ActiveCfg = Release|Any CPU
		{5DC47974-EC44-4C52-ABA7-FE306B58DA5D}.Ad-Hoc|iPhone.Build.0 = Release|Any CPU
		{5DC47974-EC44-4C52-ABA7-FE306B58DA5D}.Ad-Hoc|iPhoneSimulator.ActiveCfg = Release|Any CPU
		{5DC47974-EC44-4C52-ABA7-FE306B58DA5D}.Ad-Hoc|iPhoneSimulator.Build.0 = Release|Any CPU
		{5DC47974-EC44-4C52-ABA7-FE306B58DA5D}.Ad-Hoc|x64.ActiveCfg = Release|Any CPU
		{5DC47974-EC44-4C52-ABA7-FE306B58DA5D}.Ad-Hoc|x64.Build.0 = Release|Any CPU
		{5DC47974-EC44-4C52-ABA7-FE306B58DA5D}.Ad-Hoc|x86.ActiveCfg = Release|Any CPU
		{5DC47974-EC44-4C52-ABA7-FE306B58DA5D}.Ad-Hoc|x86.Build.0 = Release|Any CPU
		{5DC47974-EC44-4C52-ABA7-FE306B58DA5D}.AppStore|Any CPU.ActiveCfg = Release|Any CPU
		{5DC47974-EC44-4C52-ABA7-FE306B58DA5D}.AppStore|Any CPU.Build.0 = Release|Any CPU
		{5DC47974-EC44-4C52-ABA7-FE306B58DA5D}.AppStore|ARM.ActiveCfg = Release|Any CPU
		{5DC47974-EC44-4C52-ABA7-FE306B58DA5D}.AppStore|ARM.Build.0 = Release|Any CPU
		{5DC47974-EC44-4C52-ABA7-FE306B58DA5D}.AppStore|iPhone.ActiveCfg = Release|Any CPU
		{5DC47974-EC44-4C52-ABA7-FE306B58DA5D}.AppStore|iPhone.Build.0 = Release|Any CPU
		{5DC47974-EC44-4C52-ABA7-FE306B58DA5D}.AppStore|iPhoneSimulator.ActiveCfg = Release|Any CPU
		{5DC47974-EC44-4C52-ABA7-FE306B58DA5D}.AppStore|iPhoneSimulator.Build.0 = Release|Any CPU
		{5DC47974-EC44-4C52-ABA7-FE306B58DA5D}.AppStore|x64.ActiveCfg = Release|Any CPU
		{5DC47974-EC44-4C52-ABA7-FE306B58DA5D}.AppStore|x64.Build.0 = Release|Any CPU
		{5DC47974-EC44-4C52-ABA7-FE306B58DA5D}.AppStore|x86.ActiveCfg = Release|Any CPU
		{5DC47974-EC44-4C52-ABA7-FE306B58DA5D}.AppStore|x86.Build.0 = Release|Any CPU
		{5DC47974-EC44-4C52-ABA7-FE306B58DA5D}.Debug|Any CPU.ActiveCfg = Debug|Any CPU
		{5DC47974-EC44-4C52-ABA7-FE306B58DA5D}.Debug|Any CPU.Build.0 = Debug|Any CPU
		{5DC47974-EC44-4C52-ABA7-FE306B58DA5D}.Debug|ARM.ActiveCfg = Debug|Any CPU
		{5DC47974-EC44-4C52-ABA7-FE306B58DA5D}.Debug|ARM.Build.0 = Debug|Any CPU
		{5DC47974-EC44-4C52-ABA7-FE306B58DA5D}.Debug|iPhone.ActiveCfg = Debug|Any CPU
		{5DC47974-EC44-4C52-ABA7-FE306B58DA5D}.Debug|iPhone.Build.0 = Debug|Any CPU
		{5DC47974-EC44-4C52-ABA7-FE306B58DA5D}.Debug|iPhoneSimulator.ActiveCfg = Debug|Any CPU
		{5DC47974-EC44-4C52-ABA7-FE306B58DA5D}.Debug|iPhoneSimulator.Build.0 = Debug|Any CPU
		{5DC47974-EC44-4C52-ABA7-FE306B58DA5D}.Debug|x64.ActiveCfg = Debug|Any CPU
		{5DC47974-EC44-4C52-ABA7-FE306B58DA5D}.Debug|x64.Build.0 = Debug|Any CPU
		{5DC47974-EC44-4C52-ABA7-FE306B58DA5D}.Debug|x86.ActiveCfg = Debug|Any CPU
		{5DC47974-EC44-4C52-ABA7-FE306B58DA5D}.Debug|x86.Build.0 = Debug|Any CPU
		{5DC47974-EC44-4C52-ABA7-FE306B58DA5D}.Release|Any CPU.ActiveCfg = Release|Any CPU
		{5DC47974-EC44-4C52-ABA7-FE306B58DA5D}.Release|Any CPU.Build.0 = Release|Any CPU
		{5DC47974-EC44-4C52-ABA7-FE306B58DA5D}.Release|ARM.ActiveCfg = Release|Any CPU
		{5DC47974-EC44-4C52-ABA7-FE306B58DA5D}.Release|ARM.Build.0 = Release|Any CPU
		{5DC47974-EC44-4C52-ABA7-FE306B58DA5D}.Release|iPhone.ActiveCfg = Release|Any CPU
		{5DC47974-EC44-4C52-ABA7-FE306B58DA5D}.Release|iPhone.Build.0 = Release|Any CPU
		{5DC47974-EC44-4C52-ABA7-FE306B58DA5D}.Release|iPhoneSimulator.ActiveCfg = Release|Any CPU
		{5DC47974-EC44-4C52-ABA7-FE306B58DA5D}.Release|iPhoneSimulator.Build.0 = Release|Any CPU
		{5DC47974-EC44-4C52-ABA7-FE306B58DA5D}.Release|x64.ActiveCfg = Release|Any CPU
		{5DC47974-EC44-4C52-ABA7-FE306B58DA5D}.Release|x64.Build.0 = Release|Any CPU
		{5DC47974-EC44-4C52-ABA7-FE306B58DA5D}.Release|x86.ActiveCfg = Release|Any CPU
		{5DC47974-EC44-4C52-ABA7-FE306B58DA5D}.Release|x86.Build.0 = Release|Any CPU
		{1849D86E-4BDF-479B-9133-E669688B2441}.Ad-Hoc|Any CPU.ActiveCfg = Release|x86
		{1849D86E-4BDF-479B-9133-E669688B2441}.Ad-Hoc|Any CPU.Build.0 = Release|x86
		{1849D86E-4BDF-479B-9133-E669688B2441}.Ad-Hoc|Any CPU.Deploy.0 = Release|x86
		{1849D86E-4BDF-479B-9133-E669688B2441}.Ad-Hoc|ARM.ActiveCfg = Release|ARM
		{1849D86E-4BDF-479B-9133-E669688B2441}.Ad-Hoc|ARM.Build.0 = Release|ARM
		{1849D86E-4BDF-479B-9133-E669688B2441}.Ad-Hoc|ARM.Deploy.0 = Release|ARM
		{1849D86E-4BDF-479B-9133-E669688B2441}.Ad-Hoc|iPhone.ActiveCfg = Release|x86
		{1849D86E-4BDF-479B-9133-E669688B2441}.Ad-Hoc|iPhone.Build.0 = Release|x86
		{1849D86E-4BDF-479B-9133-E669688B2441}.Ad-Hoc|iPhone.Deploy.0 = Release|x86
		{1849D86E-4BDF-479B-9133-E669688B2441}.Ad-Hoc|iPhoneSimulator.ActiveCfg = Release|x86
		{1849D86E-4BDF-479B-9133-E669688B2441}.Ad-Hoc|iPhoneSimulator.Build.0 = Release|x86
		{1849D86E-4BDF-479B-9133-E669688B2441}.Ad-Hoc|iPhoneSimulator.Deploy.0 = Release|x86
		{1849D86E-4BDF-479B-9133-E669688B2441}.Ad-Hoc|x64.ActiveCfg = Release|x64
		{1849D86E-4BDF-479B-9133-E669688B2441}.Ad-Hoc|x64.Build.0 = Release|x64
		{1849D86E-4BDF-479B-9133-E669688B2441}.Ad-Hoc|x64.Deploy.0 = Release|x64
		{1849D86E-4BDF-479B-9133-E669688B2441}.Ad-Hoc|x86.ActiveCfg = Release|x86
		{1849D86E-4BDF-479B-9133-E669688B2441}.Ad-Hoc|x86.Build.0 = Release|x86
		{1849D86E-4BDF-479B-9133-E669688B2441}.Ad-Hoc|x86.Deploy.0 = Release|x86
		{1849D86E-4BDF-479B-9133-E669688B2441}.AppStore|Any CPU.ActiveCfg = Release|x86
		{1849D86E-4BDF-479B-9133-E669688B2441}.AppStore|Any CPU.Build.0 = Release|x86
		{1849D86E-4BDF-479B-9133-E669688B2441}.AppStore|Any CPU.Deploy.0 = Release|x86
		{1849D86E-4BDF-479B-9133-E669688B2441}.AppStore|ARM.ActiveCfg = Release|ARM
		{1849D86E-4BDF-479B-9133-E669688B2441}.AppStore|ARM.Build.0 = Release|ARM
		{1849D86E-4BDF-479B-9133-E669688B2441}.AppStore|ARM.Deploy.0 = Release|ARM
		{1849D86E-4BDF-479B-9133-E669688B2441}.AppStore|iPhone.ActiveCfg = Release|x86
		{1849D86E-4BDF-479B-9133-E669688B2441}.AppStore|iPhone.Build.0 = Release|x86
		{1849D86E-4BDF-479B-9133-E669688B2441}.AppStore|iPhone.Deploy.0 = Release|x86
		{1849D86E-4BDF-479B-9133-E669688B2441}.AppStore|iPhoneSimulator.ActiveCfg = Release|x86
		{1849D86E-4BDF-479B-9133-E669688B2441}.AppStore|iPhoneSimulator.Build.0 = Release|x86
		{1849D86E-4BDF-479B-9133-E669688B2441}.AppStore|iPhoneSimulator.Deploy.0 = Release|x86
		{1849D86E-4BDF-479B-9133-E669688B2441}.AppStore|x64.ActiveCfg = Release|x64
		{1849D86E-4BDF-479B-9133-E669688B2441}.AppStore|x64.Build.0 = Release|x64
		{1849D86E-4BDF-479B-9133-E669688B2441}.AppStore|x64.Deploy.0 = Release|x64
		{1849D86E-4BDF-479B-9133-E669688B2441}.AppStore|x86.ActiveCfg = Release|x86
		{1849D86E-4BDF-479B-9133-E669688B2441}.AppStore|x86.Build.0 = Release|x86
		{1849D86E-4BDF-479B-9133-E669688B2441}.AppStore|x86.Deploy.0 = Release|x86
		{1849D86E-4BDF-479B-9133-E669688B2441}.Debug|Any CPU.ActiveCfg = Debug|x86
		{1849D86E-4BDF-479B-9133-E669688B2441}.Debug|ARM.ActiveCfg = Debug|ARM
		{1849D86E-4BDF-479B-9133-E669688B2441}.Debug|ARM.Build.0 = Debug|ARM
		{1849D86E-4BDF-479B-9133-E669688B2441}.Debug|ARM.Deploy.0 = Debug|ARM
		{1849D86E-4BDF-479B-9133-E669688B2441}.Debug|iPhone.ActiveCfg = Debug|x86
		{1849D86E-4BDF-479B-9133-E669688B2441}.Debug|iPhoneSimulator.ActiveCfg = Debug|x86
		{1849D86E-4BDF-479B-9133-E669688B2441}.Debug|x64.ActiveCfg = Debug|x64
		{1849D86E-4BDF-479B-9133-E669688B2441}.Debug|x64.Build.0 = Debug|x64
		{1849D86E-4BDF-479B-9133-E669688B2441}.Debug|x64.Deploy.0 = Debug|x64
		{1849D86E-4BDF-479B-9133-E669688B2441}.Debug|x86.ActiveCfg = Debug|x86
		{1849D86E-4BDF-479B-9133-E669688B2441}.Debug|x86.Build.0 = Debug|x86
		{1849D86E-4BDF-479B-9133-E669688B2441}.Debug|x86.Deploy.0 = Debug|x86
		{1849D86E-4BDF-479B-9133-E669688B2441}.Release|Any CPU.ActiveCfg = Release|x86
		{1849D86E-4BDF-479B-9133-E669688B2441}.Release|ARM.ActiveCfg = Release|ARM
		{1849D86E-4BDF-479B-9133-E669688B2441}.Release|ARM.Build.0 = Release|ARM
		{1849D86E-4BDF-479B-9133-E669688B2441}.Release|ARM.Deploy.0 = Release|ARM
		{1849D86E-4BDF-479B-9133-E669688B2441}.Release|iPhone.ActiveCfg = Release|x86
		{1849D86E-4BDF-479B-9133-E669688B2441}.Release|iPhoneSimulator.ActiveCfg = Release|x86
		{1849D86E-4BDF-479B-9133-E669688B2441}.Release|x64.ActiveCfg = Release|x64
		{1849D86E-4BDF-479B-9133-E669688B2441}.Release|x64.Build.0 = Release|x64
		{1849D86E-4BDF-479B-9133-E669688B2441}.Release|x64.Deploy.0 = Release|x64
		{1849D86E-4BDF-479B-9133-E669688B2441}.Release|x86.ActiveCfg = Release|x86
		{1849D86E-4BDF-479B-9133-E669688B2441}.Release|x86.Build.0 = Release|x86
		{1849D86E-4BDF-479B-9133-E669688B2441}.Release|x86.Deploy.0 = Release|x86
		{C09065D3-944A-4F58-989B-71C784FB5F3D}.Ad-Hoc|Any CPU.ActiveCfg = Ad-Hoc|iPhoneSimulator
		{C09065D3-944A-4F58-989B-71C784FB5F3D}.Ad-Hoc|ARM.ActiveCfg = Ad-Hoc|iPhone
		{C09065D3-944A-4F58-989B-71C784FB5F3D}.Ad-Hoc|iPhone.ActiveCfg = Ad-Hoc|iPhone
		{C09065D3-944A-4F58-989B-71C784FB5F3D}.Ad-Hoc|iPhone.Build.0 = Ad-Hoc|iPhone
		{C09065D3-944A-4F58-989B-71C784FB5F3D}.Ad-Hoc|iPhoneSimulator.ActiveCfg = Ad-Hoc|iPhoneSimulator
		{C09065D3-944A-4F58-989B-71C784FB5F3D}.Ad-Hoc|iPhoneSimulator.Build.0 = Ad-Hoc|iPhoneSimulator
		{C09065D3-944A-4F58-989B-71C784FB5F3D}.Ad-Hoc|x64.ActiveCfg = Ad-Hoc|iPhone
		{C09065D3-944A-4F58-989B-71C784FB5F3D}.Ad-Hoc|x86.ActiveCfg = Ad-Hoc|iPhone
		{C09065D3-944A-4F58-989B-71C784FB5F3D}.AppStore|Any CPU.ActiveCfg = AppStore|iPhoneSimulator
		{C09065D3-944A-4F58-989B-71C784FB5F3D}.AppStore|ARM.ActiveCfg = AppStore|iPhone
		{C09065D3-944A-4F58-989B-71C784FB5F3D}.AppStore|iPhone.ActiveCfg = AppStore|iPhone
		{C09065D3-944A-4F58-989B-71C784FB5F3D}.AppStore|iPhone.Build.0 = AppStore|iPhone
		{C09065D3-944A-4F58-989B-71C784FB5F3D}.AppStore|iPhoneSimulator.ActiveCfg = AppStore|iPhoneSimulator
		{C09065D3-944A-4F58-989B-71C784FB5F3D}.AppStore|iPhoneSimulator.Build.0 = AppStore|iPhoneSimulator
		{C09065D3-944A-4F58-989B-71C784FB5F3D}.AppStore|x64.ActiveCfg = AppStore|iPhone
		{C09065D3-944A-4F58-989B-71C784FB5F3D}.AppStore|x86.ActiveCfg = AppStore|iPhone
		{C09065D3-944A-4F58-989B-71C784FB5F3D}.Debug|Any CPU.ActiveCfg = Debug|iPhoneSimulator
		{C09065D3-944A-4F58-989B-71C784FB5F3D}.Debug|ARM.ActiveCfg = Debug|iPhone
		{C09065D3-944A-4F58-989B-71C784FB5F3D}.Debug|iPhone.ActiveCfg = Debug|iPhone
		{C09065D3-944A-4F58-989B-71C784FB5F3D}.Debug|iPhone.Build.0 = Debug|iPhone
		{C09065D3-944A-4F58-989B-71C784FB5F3D}.Debug|iPhoneSimulator.ActiveCfg = Debug|iPhoneSimulator
		{C09065D3-944A-4F58-989B-71C784FB5F3D}.Debug|iPhoneSimulator.Build.0 = Debug|iPhoneSimulator
		{C09065D3-944A-4F58-989B-71C784FB5F3D}.Debug|x64.ActiveCfg = Debug|iPhone
		{C09065D3-944A-4F58-989B-71C784FB5F3D}.Debug|x86.ActiveCfg = Debug|iPhone
		{C09065D3-944A-4F58-989B-71C784FB5F3D}.Release|Any CPU.ActiveCfg = Release|iPhoneSimulator
		{C09065D3-944A-4F58-989B-71C784FB5F3D}.Release|ARM.ActiveCfg = Release|iPhone
		{C09065D3-944A-4F58-989B-71C784FB5F3D}.Release|iPhone.ActiveCfg = Release|iPhone
		{C09065D3-944A-4F58-989B-71C784FB5F3D}.Release|iPhone.Build.0 = Release|iPhone
		{C09065D3-944A-4F58-989B-71C784FB5F3D}.Release|iPhoneSimulator.ActiveCfg = Release|iPhoneSimulator
		{C09065D3-944A-4F58-989B-71C784FB5F3D}.Release|iPhoneSimulator.Build.0 = Release|iPhoneSimulator
		{C09065D3-944A-4F58-989B-71C784FB5F3D}.Release|x64.ActiveCfg = Release|iPhone
		{C09065D3-944A-4F58-989B-71C784FB5F3D}.Release|x86.ActiveCfg = Release|iPhone
	EndGlobalSection
	GlobalSection(SolutionProperties) = preSolution
		HideSolutionNode = FALSE
	EndGlobalSection
	GlobalSection(ExtensibilityGlobals) = postSolution
		SolutionGuid = {251D939E-E51F-4876-BE08-25620CE424AE}
	EndGlobalSection
EndGlobal
