
Microsoft Visual Studio Solution File, Format Version 12.00
# Visual Studio 15
VisualStudioVersion = 15.0.27428.1
MinimumVisualStudioVersion = 10.0.40219.1
Project("{FAE04EC0-301F-11D3-BF4B-00C04F79EFBC}") = "Phoneword2.Android", "Phoneword2\Phoneword2.Android\Phoneword2.Android.csproj", "{1457EA6E-8A3D-4E4E-80C0-7890BAF47E95}"
EndProject
Project("{FAE04EC0-301F-11D3-BF4B-00C04F79EFBC}") = "Phoneword2.iOS", "Phoneword2\Phoneword2.iOS\Phoneword2.iOS.csproj", "{BF4A0B8A-3C63-4384-8461-310F4AE3B0C8}"
EndProject
Project("{FAE04EC0-301F-11D3-BF4B-00C04F79EFBC}") = "Phoneword2.UWP", "Phoneword2\Phoneword2.UWP\Phoneword2.UWP.csproj", "{69A7CC4D-363A-40A1-AA62-040DAC15E40E}"
EndProject
Project("{D954291E-2A0B-460D-934E-DC6B0785DB48}") = "Phoneword2", "Phoneword2\Phoneword2\Phoneword2.shproj", "{0DF63D46-D8E3-40F7-8BFD-AF0CEF39AAFB}"
EndProject
Global
	GlobalSection(SharedMSBuildProjectFiles) = preSolution
		Phoneword2\Phoneword2\Phoneword2.projitems*{0df63d46-d8e3-40f7-8bfd-af0cef39aafb}*SharedItemsImports = 13
		Phoneword2\Phoneword2\Phoneword2.projitems*{1457ea6e-8a3d-4e4e-80c0-7890baf47e95}*SharedItemsImports = 4
		Phoneword2\Phoneword2\Phoneword2.projitems*{69a7cc4d-363a-40a1-aa62-040dac15e40e}*SharedItemsImports = 4
		Phoneword2\Phoneword2\Phoneword2.projitems*{bf4a0b8a-3c63-4384-8461-310f4ae3b0c8}*SharedItemsImports = 4
	EndGlobalSection
	GlobalSection(SolutionConfigurationPlatforms) = preSolution
		Ad-Hoc|Any CPU = Ad-Hoc|Any CPU
		Ad-Hoc|ARM = Ad-Hoc|ARM
		Ad-Hoc|iPhone = Ad-Hoc|iPhone
		Ad-Hoc|iPhoneSimulator = Ad-Hoc|iPhoneSimulator
		Ad-Hoc|x64 = Ad-Hoc|x64
		Ad-Hoc|x86 = Ad-Hoc|x86
		AppStore|Any CPU = AppStore|Any CPU
		AppStore|ARM = AppStore|ARM
		AppStore|iPhone = AppStore|iPhone
		AppStore|iPhoneSimulator = AppStore|iPhoneSimulator
		AppStore|x64 = AppStore|x64
		AppStore|x86 = AppStore|x86
		Debug|Any CPU = Debug|Any CPU
		Debug|ARM = Debug|ARM
		Debug|iPhone = Debug|iPhone
		Debug|iPhoneSimulator = Debug|iPhoneSimulator
		Debug|x64 = Debug|x64
		Debug|x86 = Debug|x86
		Release|Any CPU = Release|Any CPU
		Release|ARM = Release|ARM
		Release|iPhone = Release|iPhone
		Release|iPhoneSimulator = Release|iPhoneSimulator
		Release|x64 = Release|x64
		Release|x86 = Release|x86
	EndGlobalSection
	GlobalSection(ProjectConfigurationPlatforms) = postSolution
		{1457EA6E-8A3D-4E4E-80C0-7890BAF47E95}.Ad-Hoc|Any CPU.ActiveCfg = Release|Any CPU
		{1457EA6E-8A3D-4E4E-80C0-7890BAF47E95}.Ad-Hoc|Any CPU.Build.0 = Release|Any CPU
		{1457EA6E-8A3D-4E4E-80C0-7890BAF47E95}.Ad-Hoc|Any CPU.Deploy.0 = Release|Any CPU
		{1457EA6E-8A3D-4E4E-80C0-7890BAF47E95}.Ad-Hoc|ARM.ActiveCfg = Release|Any CPU
		{1457EA6E-8A3D-4E4E-80C0-7890BAF47E95}.Ad-Hoc|ARM.Build.0 = Release|Any CPU
		{1457EA6E-8A3D-4E4E-80C0-7890BAF47E95}.Ad-Hoc|ARM.Deploy.0 = Release|Any CPU
		{1457EA6E-8A3D-4E4E-80C0-7890BAF47E95}.Ad-Hoc|iPhone.ActiveCfg = Release|Any CPU
		{1457EA6E-8A3D-4E4E-80C0-7890BAF47E95}.Ad-Hoc|iPhone.Build.0 = Release|Any CPU
		{1457EA6E-8A3D-4E4E-80C0-7890BAF47E95}.Ad-Hoc|iPhone.Deploy.0 = Release|Any CPU
		{1457EA6E-8A3D-4E4E-80C0-7890BAF47E95}.Ad-Hoc|iPhoneSimulator.ActiveCfg = Release|Any CPU
		{1457EA6E-8A3D-4E4E-80C0-7890BAF47E95}.Ad-Hoc|iPhoneSimulator.Build.0 = Release|Any CPU
		{1457EA6E-8A3D-4E4E-80C0-7890BAF47E95}.Ad-Hoc|iPhoneSimulator.Deploy.0 = Release|Any CPU
		{1457EA6E-8A3D-4E4E-80C0-7890BAF47E95}.Ad-Hoc|x64.ActiveCfg = Release|Any CPU
		{1457EA6E-8A3D-4E4E-80C0-7890BAF47E95}.Ad-Hoc|x64.Build.0 = Release|Any CPU
		{1457EA6E-8A3D-4E4E-80C0-7890BAF47E95}.Ad-Hoc|x64.Deploy.0 = Release|Any CPU
		{1457EA6E-8A3D-4E4E-80C0-7890BAF47E95}.Ad-Hoc|x86.ActiveCfg = Release|Any CPU
		{1457EA6E-8A3D-4E4E-80C0-7890BAF47E95}.Ad-Hoc|x86.Build.0 = Release|Any CPU
		{1457EA6E-8A3D-4E4E-80C0-7890BAF47E95}.Ad-Hoc|x86.Deploy.0 = Release|Any CPU
		{1457EA6E-8A3D-4E4E-80C0-7890BAF47E95}.AppStore|Any CPU.ActiveCfg = Release|Any CPU
		{1457EA6E-8A3D-4E4E-80C0-7890BAF47E95}.AppStore|Any CPU.Build.0 = Release|Any CPU
		{1457EA6E-8A3D-4E4E-80C0-7890BAF47E95}.AppStore|Any CPU.Deploy.0 = Release|Any CPU
		{1457EA6E-8A3D-4E4E-80C0-7890BAF47E95}.AppStore|ARM.ActiveCfg = Release|Any CPU
		{1457EA6E-8A3D-4E4E-80C0-7890BAF47E95}.AppStore|ARM.Build.0 = Release|Any CPU
		{1457EA6E-8A3D-4E4E-80C0-7890BAF47E95}.AppStore|ARM.Deploy.0 = Release|Any CPU
		{1457EA6E-8A3D-4E4E-80C0-7890BAF47E95}.AppStore|iPhone.ActiveCfg = Release|Any CPU
		{1457EA6E-8A3D-4E4E-80C0-7890BAF47E95}.AppStore|iPhone.Build.0 = Release|Any CPU
		{1457EA6E-8A3D-4E4E-80C0-7890BAF47E95}.AppStore|iPhone.Deploy.0 = Release|Any CPU
		{1457EA6E-8A3D-4E4E-80C0-7890BAF47E95}.AppStore|iPhoneSimulator.ActiveCfg = Release|Any CPU
		{1457EA6E-8A3D-4E4E-80C0-7890BAF47E95}.AppStore|iPhoneSimulator.Build.0 = Release|Any CPU
		{1457EA6E-8A3D-4E4E-80C0-7890BAF47E95}.AppStore|iPhoneSimulator.Deploy.0 = Release|Any CPU
		{1457EA6E-8A3D-4E4E-80C0-7890BAF47E95}.AppStore|x64.ActiveCfg = Release|Any CPU
		{1457EA6E-8A3D-4E4E-80C0-7890BAF47E95}.AppStore|x64.Build.0 = Release|Any CPU
		{1457EA6E-8A3D-4E4E-80C0-7890BAF47E95}.AppStore|x64.Deploy.0 = Release|Any CPU
		{1457EA6E-8A3D-4E4E-80C0-7890BAF47E95}.AppStore|x86.ActiveCfg = Release|Any CPU
		{1457EA6E-8A3D-4E4E-80C0-7890BAF47E95}.AppStore|x86.Build.0 = Release|Any CPU
		{1457EA6E-8A3D-4E4E-80C0-7890BAF47E95}.AppStore|x86.Deploy.0 = Release|Any CPU
		{1457EA6E-8A3D-4E4E-80C0-7890BAF47E95}.Debug|Any CPU.ActiveCfg = Debug|Any CPU
		{1457EA6E-8A3D-4E4E-80C0-7890BAF47E95}.Debug|Any CPU.Build.0 = Debug|Any CPU
		{1457EA6E-8A3D-4E4E-80C0-7890BAF47E95}.Debug|Any CPU.Deploy.0 = Debug|Any CPU
		{1457EA6E-8A3D-4E4E-80C0-7890BAF47E95}.Debug|ARM.ActiveCfg = Debug|Any CPU
		{1457EA6E-8A3D-4E4E-80C0-7890BAF47E95}.Debug|ARM.Build.0 = Debug|Any CPU
		{1457EA6E-8A3D-4E4E-80C0-7890BAF47E95}.Debug|ARM.Deploy.0 = Debug|Any CPU
		{1457EA6E-8A3D-4E4E-80C0-7890BAF47E95}.Debug|iPhone.ActiveCfg = Debug|Any CPU
		{1457EA6E-8A3D-4E4E-80C0-7890BAF47E95}.Debug|iPhone.Build.0 = Debug|Any CPU
		{1457EA6E-8A3D-4E4E-80C0-7890BAF47E95}.Debug|iPhone.Deploy.0 = Debug|Any CPU
		{1457EA6E-8A3D-4E4E-80C0-7890BAF47E95}.Debug|iPhoneSimulator.ActiveCfg = Debug|Any CPU
		{1457EA6E-8A3D-4E4E-80C0-7890BAF47E95}.Debug|iPhoneSimulator.Build.0 = Debug|Any CPU
		{1457EA6E-8A3D-4E4E-80C0-7890BAF47E95}.Debug|iPhoneSimulator.Deploy.0 = Debug|Any CPU
		{1457EA6E-8A3D-4E4E-80C0-7890BAF47E95}.Debug|x64.ActiveCfg = Debug|Any CPU
		{1457EA6E-8A3D-4E4E-80C0-7890BAF47E95}.Debug|x64.Build.0 = Debug|Any CPU
		{1457EA6E-8A3D-4E4E-80C0-7890BAF47E95}.Debug|x64.Deploy.0 = Debug|Any CPU
		{1457EA6E-8A3D-4E4E-80C0-7890BAF47E95}.Debug|x86.ActiveCfg = Debug|Any CPU
		{1457EA6E-8A3D-4E4E-80C0-7890BAF47E95}.Debug|x86.Build.0 = Debug|Any CPU
		{1457EA6E-8A3D-4E4E-80C0-7890BAF47E95}.Debug|x86.Deploy.0 = Debug|Any CPU
		{1457EA6E-8A3D-4E4E-80C0-7890BAF47E95}.Release|Any CPU.ActiveCfg = Release|Any CPU
		{1457EA6E-8A3D-4E4E-80C0-7890BAF47E95}.Release|Any CPU.Build.0 = Release|Any CPU
		{1457EA6E-8A3D-4E4E-80C0-7890BAF47E95}.Release|Any CPU.Deploy.0 = Release|Any CPU
		{1457EA6E-8A3D-4E4E-80C0-7890BAF47E95}.Release|ARM.ActiveCfg = Release|Any CPU
		{1457EA6E-8A3D-4E4E-80C0-7890BAF47E95}.Release|ARM.Build.0 = Release|Any CPU
		{1457EA6E-8A3D-4E4E-80C0-7890BAF47E95}.Release|ARM.Deploy.0 = Release|Any CPU
		{1457EA6E-8A3D-4E4E-80C0-7890BAF47E95}.Release|iPhone.ActiveCfg = Release|Any CPU
		{1457EA6E-8A3D-4E4E-80C0-7890BAF47E95}.Release|iPhone.Build.0 = Release|Any CPU
		{1457EA6E-8A3D-4E4E-80C0-7890BAF47E95}.Release|iPhone.Deploy.0 = Release|Any CPU
		{1457EA6E-8A3D-4E4E-80C0-7890BAF47E95}.Release|iPhoneSimulator.ActiveCfg = Release|Any CPU
		{1457EA6E-8A3D-4E4E-80C0-7890BAF47E95}.Release|iPhoneSimulator.Build.0 = Release|Any CPU
		{1457EA6E-8A3D-4E4E-80C0-7890BAF47E95}.Release|iPhoneSimulator.Deploy.0 = Release|Any CPU
		{1457EA6E-8A3D-4E4E-80C0-7890BAF47E95}.Release|x64.ActiveCfg = Release|Any CPU
		{1457EA6E-8A3D-4E4E-80C0-7890BAF47E95}.Release|x64.Build.0 = Release|Any CPU
		{1457EA6E-8A3D-4E4E-80C0-7890BAF47E95}.Release|x64.Deploy.0 = Release|Any CPU
		{1457EA6E-8A3D-4E4E-80C0-7890BAF47E95}.Release|x86.ActiveCfg = Release|Any CPU
		{1457EA6E-8A3D-4E4E-80C0-7890BAF47E95}.Release|x86.Build.0 = Release|Any CPU
		{1457EA6E-8A3D-4E4E-80C0-7890BAF47E95}.Release|x86.Deploy.0 = Release|Any CPU
		{BF4A0B8A-3C63-4384-8461-310F4AE3B0C8}.Ad-Hoc|Any CPU.ActiveCfg = Ad-Hoc|iPhone
		{BF4A0B8A-3C63-4384-8461-310F4AE3B0C8}.Ad-Hoc|ARM.ActiveCfg = Ad-Hoc|iPhone
		{BF4A0B8A-3C63-4384-8461-310F4AE3B0C8}.Ad-Hoc|iPhone.ActiveCfg = Ad-Hoc|iPhone
		{BF4A0B8A-3C63-4384-8461-310F4AE3B0C8}.Ad-Hoc|iPhone.Build.0 = Ad-Hoc|iPhone
		{BF4A0B8A-3C63-4384-8461-310F4AE3B0C8}.Ad-Hoc|iPhoneSimulator.ActiveCfg = Ad-Hoc|iPhoneSimulator
		{BF4A0B8A-3C63-4384-8461-310F4AE3B0C8}.Ad-Hoc|iPhoneSimulator.Build.0 = Ad-Hoc|iPhoneSimulator
		{BF4A0B8A-3C63-4384-8461-310F4AE3B0C8}.Ad-Hoc|x64.ActiveCfg = Ad-Hoc|iPhone
		{BF4A0B8A-3C63-4384-8461-310F4AE3B0C8}.Ad-Hoc|x86.ActiveCfg = Ad-Hoc|iPhone
		{BF4A0B8A-3C63-4384-8461-310F4AE3B0C8}.AppStore|Any CPU.ActiveCfg = AppStore|iPhone
		{BF4A0B8A-3C63-4384-8461-310F4AE3B0C8}.AppStore|ARM.ActiveCfg = AppStore|iPhone
		{BF4A0B8A-3C63-4384-8461-310F4AE3B0C8}.AppStore|iPhone.ActiveCfg = AppStore|iPhone
		{BF4A0B8A-3C63-4384-8461-310F4AE3B0C8}.AppStore|iPhone.Build.0 = AppStore|iPhone
		{BF4A0B8A-3C63-4384-8461-310F4AE3B0C8}.AppStore|iPhoneSimulator.ActiveCfg = AppStore|iPhoneSimulator
		{BF4A0B8A-3C63-4384-8461-310F4AE3B0C8}.AppStore|iPhoneSimulator.Build.0 = AppStore|iPhoneSimulator
		{BF4A0B8A-3C63-4384-8461-310F4AE3B0C8}.AppStore|x64.ActiveCfg = AppStore|iPhone
		{BF4A0B8A-3C63-4384-8461-310F4AE3B0C8}.AppStore|x86.ActiveCfg = AppStore|iPhone
		{BF4A0B8A-3C63-4384-8461-310F4AE3B0C8}.Debug|Any CPU.ActiveCfg = Debug|iPhone
		{BF4A0B8A-3C63-4384-8461-310F4AE3B0C8}.Debug|ARM.ActiveCfg = Debug|iPhone
		{BF4A0B8A-3C63-4384-8461-310F4AE3B0C8}.Debug|iPhone.ActiveCfg = Debug|iPhone
		{BF4A0B8A-3C63-4384-8461-310F4AE3B0C8}.Debug|iPhone.Build.0 = Debug|iPhone
		{BF4A0B8A-3C63-4384-8461-310F4AE3B0C8}.Debug|iPhoneSimulator.ActiveCfg = Debug|iPhoneSimulator
		{BF4A0B8A-3C63-4384-8461-310F4AE3B0C8}.Debug|iPhoneSimulator.Build.0 = Debug|iPhoneSimulator
		{BF4A0B8A-3C63-4384-8461-310F4AE3B0C8}.Debug|x64.ActiveCfg = Debug|iPhone
		{BF4A0B8A-3C63-4384-8461-310F4AE3B0C8}.Debug|x86.ActiveCfg = Debug|iPhone
		{BF4A0B8A-3C63-4384-8461-310F4AE3B0C8}.Release|Any CPU.ActiveCfg = Release|iPhone
		{BF4A0B8A-3C63-4384-8461-310F4AE3B0C8}.Release|ARM.ActiveCfg = Release|iPhone
		{BF4A0B8A-3C63-4384-8461-310F4AE3B0C8}.Release|iPhone.ActiveCfg = Release|iPhone
		{BF4A0B8A-3C63-4384-8461-310F4AE3B0C8}.Release|iPhone.Build.0 = Release|iPhone
		{BF4A0B8A-3C63-4384-8461-310F4AE3B0C8}.Release|iPhoneSimulator.ActiveCfg = Release|iPhoneSimulator
		{BF4A0B8A-3C63-4384-8461-310F4AE3B0C8}.Release|iPhoneSimulator.Build.0 = Release|iPhoneSimulator
		{BF4A0B8A-3C63-4384-8461-310F4AE3B0C8}.Release|x64.ActiveCfg = Release|iPhone
		{BF4A0B8A-3C63-4384-8461-310F4AE3B0C8}.Release|x86.ActiveCfg = Release|iPhone
		{69A7CC4D-363A-40A1-AA62-040DAC15E40E}.Ad-Hoc|Any CPU.ActiveCfg = Release|x86
		{69A7CC4D-363A-40A1-AA62-040DAC15E40E}.Ad-Hoc|Any CPU.Build.0 = Release|x86
		{69A7CC4D-363A-40A1-AA62-040DAC15E40E}.Ad-Hoc|Any CPU.Deploy.0 = Release|x86
		{69A7CC4D-363A-40A1-AA62-040DAC15E40E}.Ad-Hoc|ARM.ActiveCfg = Release|ARM
		{69A7CC4D-363A-40A1-AA62-040DAC15E40E}.Ad-Hoc|ARM.Build.0 = Release|ARM
		{69A7CC4D-363A-40A1-AA62-040DAC15E40E}.Ad-Hoc|ARM.Deploy.0 = Release|ARM
		{69A7CC4D-363A-40A1-AA62-040DAC15E40E}.Ad-Hoc|iPhone.ActiveCfg = Release|x86
		{69A7CC4D-363A-40A1-AA62-040DAC15E40E}.Ad-Hoc|iPhone.Build.0 = Release|x86
		{69A7CC4D-363A-40A1-AA62-040DAC15E40E}.Ad-Hoc|iPhone.Deploy.0 = Release|x86
		{69A7CC4D-363A-40A1-AA62-040DAC15E40E}.Ad-Hoc|iPhoneSimulator.ActiveCfg = Release|x86
		{69A7CC4D-363A-40A1-AA62-040DAC15E40E}.Ad-Hoc|iPhoneSimulator.Build.0 = Release|x86
		{69A7CC4D-363A-40A1-AA62-040DAC15E40E}.Ad-Hoc|iPhoneSimulator.Deploy.0 = Release|x86
		{69A7CC4D-363A-40A1-AA62-040DAC15E40E}.Ad-Hoc|x64.ActiveCfg = Release|x64
		{69A7CC4D-363A-40A1-AA62-040DAC15E40E}.Ad-Hoc|x64.Build.0 = Release|x64
		{69A7CC4D-363A-40A1-AA62-040DAC15E40E}.Ad-Hoc|x64.Deploy.0 = Release|x64
		{69A7CC4D-363A-40A1-AA62-040DAC15E40E}.Ad-Hoc|x86.ActiveCfg = Release|x86
		{69A7CC4D-363A-40A1-AA62-040DAC15E40E}.Ad-Hoc|x86.Build.0 = Release|x86
		{69A7CC4D-363A-40A1-AA62-040DAC15E40E}.Ad-Hoc|x86.Deploy.0 = Release|x86
		{69A7CC4D-363A-40A1-AA62-040DAC15E40E}.AppStore|Any CPU.ActiveCfg = Release|x86
		{69A7CC4D-363A-40A1-AA62-040DAC15E40E}.AppStore|Any CPU.Build.0 = Release|x86
		{69A7CC4D-363A-40A1-AA62-040DAC15E40E}.AppStore|Any CPU.Deploy.0 = Release|x86
		{69A7CC4D-363A-40A1-AA62-040DAC15E40E}.AppStore|ARM.ActiveCfg = Release|ARM
		{69A7CC4D-363A-40A1-AA62-040DAC15E40E}.AppStore|ARM.Build.0 = Release|ARM
		{69A7CC4D-363A-40A1-AA62-040DAC15E40E}.AppStore|ARM.Deploy.0 = Release|ARM
		{69A7CC4D-363A-40A1-AA62-040DAC15E40E}.AppStore|iPhone.ActiveCfg = Release|x86
		{69A7CC4D-363A-40A1-AA62-040DAC15E40E}.AppStore|iPhone.Build.0 = Release|x86
		{69A7CC4D-363A-40A1-AA62-040DAC15E40E}.AppStore|iPhone.Deploy.0 = Release|x86
		{69A7CC4D-363A-40A1-AA62-040DAC15E40E}.AppStore|iPhoneSimulator.ActiveCfg = Release|x86
		{69A7CC4D-363A-40A1-AA62-040DAC15E40E}.AppStore|iPhoneSimulator.Build.0 = Release|x86
		{69A7CC4D-363A-40A1-AA62-040DAC15E40E}.AppStore|iPhoneSimulator.Deploy.0 = Release|x86
		{69A7CC4D-363A-40A1-AA62-040DAC15E40E}.AppStore|x64.ActiveCfg = Release|x64
		{69A7CC4D-363A-40A1-AA62-040DAC15E40E}.AppStore|x64.Build.0 = Release|x64
		{69A7CC4D-363A-40A1-AA62-040DAC15E40E}.AppStore|x64.Deploy.0 = Release|x64
		{69A7CC4D-363A-40A1-AA62-040DAC15E40E}.AppStore|x86.ActiveCfg = Release|x86
		{69A7CC4D-363A-40A1-AA62-040DAC15E40E}.AppStore|x86.Build.0 = Release|x86
		{69A7CC4D-363A-40A1-AA62-040DAC15E40E}.AppStore|x86.Deploy.0 = Release|x86
		{69A7CC4D-363A-40A1-AA62-040DAC15E40E}.Debug|Any CPU.ActiveCfg = Debug|x86
		{69A7CC4D-363A-40A1-AA62-040DAC15E40E}.Debug|ARM.ActiveCfg = Debug|ARM
		{69A7CC4D-363A-40A1-AA62-040DAC15E40E}.Debug|ARM.Build.0 = Debug|ARM
		{69A7CC4D-363A-40A1-AA62-040DAC15E40E}.Debug|ARM.Deploy.0 = Debug|ARM
		{69A7CC4D-363A-40A1-AA62-040DAC15E40E}.Debug|iPhone.ActiveCfg = Debug|x86
		{69A7CC4D-363A-40A1-AA62-040DAC15E40E}.Debug|iPhoneSimulator.ActiveCfg = Debug|x86
		{69A7CC4D-363A-40A1-AA62-040DAC15E40E}.Debug|x64.ActiveCfg = Debug|x64
		{69A7CC4D-363A-40A1-AA62-040DAC15E40E}.Debug|x64.Build.0 = Debug|x64
		{69A7CC4D-363A-40A1-AA62-040DAC15E40E}.Debug|x64.Deploy.0 = Debug|x64
		{69A7CC4D-363A-40A1-AA62-040DAC15E40E}.Debug|x86.ActiveCfg = Debug|x86
		{69A7CC4D-363A-40A1-AA62-040DAC15E40E}.Debug|x86.Build.0 = Debug|x86
		{69A7CC4D-363A-40A1-AA62-040DAC15E40E}.Debug|x86.Deploy.0 = Debug|x86
		{69A7CC4D-363A-40A1-AA62-040DAC15E40E}.Release|Any CPU.ActiveCfg = Release|x86
		{69A7CC4D-363A-40A1-AA62-040DAC15E40E}.Release|ARM.ActiveCfg = Release|ARM
		{69A7CC4D-363A-40A1-AA62-040DAC15E40E}.Release|ARM.Build.0 = Release|ARM
		{69A7CC4D-363A-40A1-AA62-040DAC15E40E}.Release|ARM.Deploy.0 = Release|ARM
		{69A7CC4D-363A-40A1-AA62-040DAC15E40E}.Release|iPhone.ActiveCfg = Release|x86
		{69A7CC4D-363A-40A1-AA62-040DAC15E40E}.Release|iPhoneSimulator.ActiveCfg = Release|x86
		{69A7CC4D-363A-40A1-AA62-040DAC15E40E}.Release|x64.ActiveCfg = Release|x64
		{69A7CC4D-363A-40A1-AA62-040DAC15E40E}.Release|x64.Build.0 = Release|x64
		{69A7CC4D-363A-40A1-AA62-040DAC15E40E}.Release|x64.Deploy.0 = Release|x64
		{69A7CC4D-363A-40A1-AA62-040DAC15E40E}.Release|x86.ActiveCfg = Release|x86
		{69A7CC4D-363A-40A1-AA62-040DAC15E40E}.Release|x86.Build.0 = Release|x86
		{69A7CC4D-363A-40A1-AA62-040DAC15E40E}.Release|x86.Deploy.0 = Release|x86
	EndGlobalSection
	GlobalSection(SolutionProperties) = preSolution
		HideSolutionNode = FALSE
	EndGlobalSection
	GlobalSection(ExtensibilityGlobals) = postSolution
		SolutionGuid = {7D88B3AD-6293-4773-875E-EB8C1FEBE66E}
	EndGlobalSection
EndGlobal
