
Microsoft Visual Studio Solution File, Format Version 12.00
# Visual Studio 15
VisualStudioVersion = 15.0.27428.1
MinimumVisualStudioVersion = 10.0.40219.1
Project("{FAE04EC0-301F-11D3-BF4B-00C04F79EFBC}") = "App8-DesignerTry", "App8-DesignerTry\App8-DesignerTry.csproj", "{5D3361C1-1397-4A61-8760-4947C4BBA76B}"
EndProject
Global
	GlobalSection(SolutionConfigurationPlatforms) = preSolution
		Debug|Any CPU = Debug|Any CPU
		Release|Any CPU = Release|Any CPU
	EndGlobalSection
	GlobalSection(ProjectConfigurationPlatforms) = postSolution
		{5D3361C1-1397-4A61-8760-4947C4BBA76B}.Debug|Any CPU.ActiveCfg = Debug|Any CPU
		{5D3361C1-1397-4A61-8760-4947C4BBA76B}.Debug|Any CPU.Build.0 = Debug|Any CPU
		{5D3361C1-1397-4A61-8760-4947C4BBA76B}.Debug|Any CPU.Deploy.0 = Debug|Any CPU
		{5D3361C1-1397-4A61-8760-4947C4BBA76B}.Release|Any CPU.ActiveCfg = Release|Any CPU
		{5D3361C1-1397-4A61-8760-4947C4BBA76B}.Release|Any CPU.Build.0 = Release|Any CPU
		{5D3361C1-1397-4A61-8760-4947C4BBA76B}.Release|Any CPU.Deploy.0 = Release|Any CPU
	EndGlobalSection
	GlobalSection(SolutionProperties) = preSolution
		HideSolutionNode = FALSE
	EndGlobalSection
	GlobalSection(ExtensibilityGlobals) = postSolution
		SolutionGuid = {6685DBAB-2D51-4680-94BD-6608F302BEA9}
	EndGlobalSection
EndGlobal
