
Microsoft Visual Studio Solution File, Format Version 12.00
# Visual Studio 15
VisualStudioVersion = 15.0.27130.2026
MinimumVisualStudioVersion = 10.0.40219.1
Project("{FAE04EC0-301F-11D3-BF4B-00C04F79EFBC}") = "Lab1", "Lab1\Lab1.csproj", "{FAE44D6C-CACF-4C1B-A1A6-5BA15E60D420}"
EndProject
Global
	GlobalSection(SolutionConfigurationPlatforms) = preSolution
		Debug|Any CPU = Debug|Any CPU
		Release|Any CPU = Release|Any CPU
	EndGlobalSection
	GlobalSection(ProjectConfigurationPlatforms) = postSolution
		{FAE44D6C-CACF-4C1B-A1A6-5BA15E60D420}.Debug|Any CPU.ActiveCfg = Debug|Any CPU
		{FAE44D6C-CACF-4C1B-A1A6-5BA15E60D420}.Debug|Any CPU.Build.0 = Debug|Any CPU
		{FAE44D6C-CACF-4C1B-A1A6-5BA15E60D420}.Release|Any CPU.ActiveCfg = Release|Any CPU
		{FAE44D6C-CACF-4C1B-A1A6-5BA15E60D420}.Release|Any CPU.Build.0 = Release|Any CPU
	EndGlobalSection
	GlobalSection(SolutionProperties) = preSolution
		HideSolutionNode = FALSE
	EndGlobalSection
	GlobalSection(ExtensibilityGlobals) = postSolution
		SolutionGuid = {C459B269-3223-4ABF-BF2C-1C287722C711}
	EndGlobalSection
EndGlobal
